<?xml version="1.0" encoding="utf-8"?>
<Project ToolsVersion="4.0" xmlns="http://schemas.microsoft.com/developer/msbuild/2003">
  <ItemGroup>
    <Filter Include="Source Files">
      <UniqueIdentifier>{4FC737F1-C7A5-4376-A066-2A32D752A2FF}</UniqueIdentifier>
      <Extensions>cpp;c;cc;cxx;c++;cppm;ixx;def;odl;idl;hpj;bat;asm;asmx</Extensions>
    </Filter>
    <Filter Include="Header Files">
      <UniqueIdentifier>{93995380-89BD-4b04-88EB-625FBE52EBFB}</UniqueIdentifier>
      <Extensions>h;hh;hpp;hxx;h++;hm;inl;inc;ipp;xsd</Extensions>
    </Filter>
    <Filter Include="Resource Files">
      <UniqueIdentifier>{67DA6AB6-F800-4c08-8B7A-83BB121AAD01}</UniqueIdentifier>
      <Extensions>rc;ico;cur;bmp;dlg;rc2;rct;bin;rgs;gif;jpg;jpeg;jpe;resx;tiff;tif;png;wav;mfcribbon-ms</Extensions>
    </Filter>
  </ItemGroup>
  <ItemGroup>
    <ClCompile Include="Core\DLLMain.cpp">
      <Filter>Source Files</Filter>
    </ClCompile>
    <ClCompile Include="Core\Hooks\hooks.cpp">
      <Filter>Source Files</Filter>
    </ClCompile>
    <ClCompile Include="Core\Interface\interfaces.cpp">
      <Filter>Source Files</Filter>
    </ClCompile>
    <ClCompile Include="Dependecies\ImGui\imgui.cpp">
      <Filter>Source Files</Filter>
    </ClCompile>
    <ClCompile Include="Dependecies\ImGui\imgui_demo.cpp">
      <Filter>Source Files</Filter>
    </ClCompile>
    <ClCompile Include="Dependecies\ImGui\imgui_draw.cpp">
      <Filter>Source Files</Filter>
    </ClCompile>
    <ClCompile Include="Dependecies\ImGui\imgui_impl_dx9.cpp">
      <Filter>Source Files</Filter>
    </ClCompile>
    <ClCompile Include="Dependecies\ImGui\imgui_impl_win32.cpp">
      <Filter>Source Files</Filter>
    </ClCompile>
    <ClCompile Include="Dependecies\ImGui\imgui_tables.cpp">
      <Filter>Source Files</Filter>
    </ClCompile>
    <ClCompile Include="Dependecies\ImGui\imgui_widgets.cpp">
      <Filter>Source Files</Filter>
    </ClCompile>
    <ClCompile Include="Dependecies\Minhook\hde\hde32.c">
      <Filter>Source Files</Filter>
    </ClCompile>
    <ClCompile Include="Dependecies\Minhook\hde\hde64.c">
      <Filter>Source Files</Filter>
    </ClCompile>
    <ClCompile Include="Dependecies\Minhook\buffer.c">
      <Filter>Source Files</Filter>
    </ClCompile>
    <ClCompile Include="Dependecies\Minhook\hook.c">
      <Filter>Source Files</Filter>
    </ClCompile>
    <ClCompile Include="Dependecies\Minhook\trampoline.c">
      <Filter>Source Files</Filter>
    </ClCompile>
    <ClCompile Include="Core\Hooks\Hooked\hkCreateMoveProxy.cpp">
      <Filter>Source Files</Filter>
    </ClCompile>
    <ClCompile Include="Core\SDK\CRC32.cpp">
      <Filter>Source Files</Filter>
    </ClCompile>
    <ClCompile Include="Core\SDK\NetVar\Netvar.cpp">
      <Filter>Source Files</Filter>
    </ClCompile>
    <ClCompile Include="Core\Hooks\Hooked\hkFrameStageNotify.cpp">
      <Filter>Source Files</Filter>
    </ClCompile>
    <ClCompile Include="Core\Hooks\Hooked\hkPaintTraverse.cpp">
      <Filter>Source Files</Filter>
    </ClCompile>
    <ClCompile Include="Core\Hooks\Hooked\hkAllocKeyValuesMemory.cpp">
      <Filter>Source Files</Filter>
    </ClCompile>
    <ClCompile Include="Core\Hooks\Hooked\hkClMove.cpp">
      <Filter>Source Files</Filter>
    </ClCompile>
    <ClCompile Include="Core\Features\Misc\misc.cpp">
      <Filter>Source Files</Filter>
    </ClCompile>
    <ClCompile Include="Core\Features\Visuals\ESP.cpp">
      <Filter>Source Files</Filter>
    </ClCompile>
    <ClCompile Include="Core\Hooks\Hooked\hkOverrideView.cpp">
      <Filter>Source Files</Filter>
    </ClCompile>
    <ClCompile Include="Core\SDK\math.cpp">
      <Filter>Source Files</Filter>
    </ClCompile>
    <ClCompile Include="Core\Features\Misc\enginepred.cpp">
      <Filter>Source Files</Filter>
    </ClCompile>
    <ClCompile Include="Core\SDK\Menu\gui.cpp">
      <Filter>Source Files</Filter>
    </ClCompile>
    <ClCompile Include="Core\Hooks\Hooked\ImGui\ImGuiHooks.cpp">
      <Filter>Source Files</Filter>
    </ClCompile>
    <ClCompile Include="Core\Hooks\Hooked\hkLockCursor.cpp">
      <Filter>Source Files</Filter>
    </ClCompile>
    <ClCompile Include="Core\Hooks\Hooked\hkDrawModel.cpp">
      <Filter>Source Files</Filter>
    </ClCompile>
    <ClCompile Include="Core\Features\Visuals\chams.cpp">
      <Filter>Source Files</Filter>
    </ClCompile>
    <ClCompile Include="Core\Interface\Classes\CKeyValues.cpp">
      <Filter>Source Files</Filter>
    </ClCompile>
    <ClCompile Include="Core\Interface\Classes\CConvar.cpp">
      <Filter>Source Files</Filter>
    </ClCompile>
    <ClCompile Include="Core\Hooks\Hooked\hkListLeavesInBox.cpp">
      <Filter>Source Files</Filter>
    </ClCompile>
    <ClCompile Include="Core\Features\Rage\antiaim.cpp">
      <Filter>Source Files</Filter>
    </ClCompile>
    <ClCompile Include="Core\SDK\Entity.cpp">
      <Filter>Source Files</Filter>
    </ClCompile>
    <ClCompile Include="Core\Hooks\Hooked\Animation\hkShouldSkipAnimationFrame.cpp">
      <Filter>Source Files</Filter>
    </ClCompile>
    <ClCompile Include="Core\Hooks\Hooked\Animation\hkDoProceduralFootPlant.cpp">
      <Filter>Source Files</Filter>
    </ClCompile>
    <ClCompile Include="Core\Hooks\Hooked\Animation\hkBuildTransformation.cpp">
      <Filter>Source Files</Filter>
    </ClCompile>
    <ClCompile Include="Core\Hooks\Hooked\Animation\hkCheckForSequenceChange.cpp">
      <Filter>Source Files</Filter>
    </ClCompile>
    <ClCompile Include="Core\Hooks\Hooked\Animation\hkIsHltv.cpp">
      <Filter>Source Files</Filter>
    </ClCompile>
    <ClCompile Include="Core\Hooks\Hooked\Animation\hkStandardBlendingRules.cpp">
      <Filter>Source Files</Filter>
    </ClCompile>
    <ClCompile Include="Core\Hooks\Hooked\Animation\hkCalculateView.cpp">
      <Filter>Source Files</Filter>
    </ClCompile>
    <ClCompile Include="Core\Hooks\Hooked\Animation\hkModifyEyePosition.cpp">
      <Filter>Source Files</Filter>
    </ClCompile>
    <ClCompile Include="Core\Hooks\Hooked\Animation\hkUpdateAnimationState.cpp">
      <Filter>Source Files</Filter>
    </ClCompile>
    <ClCompile Include="Core\Hooks\Hooked\Animation\hkUpdateClientSideAnimations.cpp">
      <Filter>Source Files</Filter>
    </ClCompile>
    <ClCompile Include="Core\Hooks\Hooked\Animation\hkSetupBones.cpp">
      <Filter>Source Files</Filter>
    </ClCompile>
    <ClCompile Include="Core\Features\Rage\autowall.cpp">
      <Filter>Source Files</Filter>
    </ClCompile>
    <ClCompile Include="Core\Hooks\Hooked\Animation\hkInterpolationList.cpp">
      <Filter>Source Files</Filter>
    </ClCompile>
    <ClCompile Include="Core\Hooks\Hooked\hkFireGameEvent.cpp">
      <Filter>Source Files</Filter>
    </ClCompile>
    <ClCompile Include="Core\Hooks\Hooked\hkDoExtraBoneProcessing.cpp">
      <Filter>Source Files</Filter>
    </ClCompile>
    <ClCompile Include="Core\Features\Rage\doubletap.cpp">
      <Filter>Source Files</Filter>
    </ClCompile>
    <ClCompile Include="Core\Hooks\Hooked\hkRunCommand.cpp">
      <Filter>Source Files</Filter>
    </ClCompile>
    <ClCompile Include="Core\SDK\Menu\customGui.cpp">
      <Filter>Source Files</Filter>
    </ClCompile>
    <ClCompile Include="Core\SDK\Menu\config.cpp">
      <Filter>Source Files</Filter>
    </ClCompile>
    <ClCompile Include="Core\Features\Rage\Animations\LocalAnimation.cpp">
      <Filter>Source Files</Filter>
    </ClCompile>
    <ClCompile Include="Core\Hooks\Hooked\hkGetViewModelFov.cpp">
      <Filter>Source Files</Filter>
    </ClCompile>
    <ClCompile Include="Core\Hooks\Hooked\Animation\hkIsPaused.cpp">
      <Filter>Source Files</Filter>
    </ClCompile>
    <ClCompile Include="Core\Hooks\Hooked\hkPhysicsSimulate.cpp">
      <Filter>Source Files</Filter>
    </ClCompile>
    <ClCompile Include="Core\Hooks\Hooked\hkWriteUserCmdDeltaToBuffer.cpp">
      <Filter>Source Files</Filter>
    </ClCompile>
    <ClCompile Include="Core\Hooks\Hooked\Animation\hkInterpolateServerEntites.cpp">
      <Filter>Source Files</Filter>
    </ClCompile>
    <ClCompile Include="Core\Hooks\Hooked\Animation\hkIsFollowingEntity.cpp">
      <Filter>Source Files</Filter>
    </ClCompile>
    <ClCompile Include="Core\Hooks\Hooked\Animation\hkEstimateAbsVelocity.cpp">
      <Filter>Source Files</Filter>
    </ClCompile>
    <ClCompile Include="Core\Interface\Interfaces\entityListener.cpp">
      <Filter>Source Files</Filter>
    </ClCompile>
    <ClCompile Include="Core\Hooks\Hooked\hkINetchannelHandler.cpp">
      <Filter>Source Files</Filter>
    </ClCompile>
    <ClCompile Include="Core\Features\Networking\networking.cpp">
      <Filter>Source Files</Filter>
    </ClCompile>
    <ClCompile Include="Core\Hooks\Hooked\hkNetChannel.cpp">
      <Filter>Source Files</Filter>
    </ClCompile>
    <ClCompile Include="Core\Features\Rage\ragebot.cpp">
      <Filter>Source Files</Filter>
    </ClCompile>
    <ClCompile Include="Core\Features\Rage\Animations\Lagcompensation.cpp">
<<<<<<< Updated upstream
=======
      <Filter>Source Files</Filter>
    </ClCompile>
    <ClCompile Include="Core\Features\Rage\Animations\EnemyAnimations.cpp">
>>>>>>> Stashed changes
      <Filter>Source Files</Filter>
    </ClCompile>
  </ItemGroup>
  <ItemGroup>
    <ClInclude Include="Core\utilities.h">
      <Filter>Header Files</Filter>
    </ClInclude>
    <ClInclude Include="Core\Hooks\hooks.h">
      <Filter>Header Files</Filter>
    </ClInclude>
    <ClInclude Include="Core\Interface\interfaces.h">
      <Filter>Header Files</Filter>
    </ClInclude>
    <ClInclude Include="Core\Interface\Interfaces\IBaseClientDLL.h">
      <Filter>Header Files</Filter>
    </ClInclude>
    <ClInclude Include="Core\Interface\Interfaces\IClientEntityList.h">
      <Filter>Header Files</Filter>
    </ClInclude>
    <ClInclude Include="Core\Interface\Interfaces\IVEngineClient.h">
      <Filter>Header Files</Filter>
    </ClInclude>
    <ClInclude Include="Core\Interface\Interfaces\ISurface.h">
      <Filter>Header Files</Filter>
    </ClInclude>
    <ClInclude Include="Core\Interface\Interfaces\IPanel.h">
      <Filter>Header Files</Filter>
    </ClInclude>
    <ClInclude Include="Core\Interface\Interfaces\IStudioRender.h">
      <Filter>Header Files</Filter>
    </ClInclude>
    <ClInclude Include="Core\Interface\Interfaces\IPrediction.h">
      <Filter>Header Files</Filter>
    </ClInclude>
    <ClInclude Include="Core\Interface\Interfaces\IEngineVGui.h">
      <Filter>Header Files</Filter>
    </ClInclude>
    <ClInclude Include="Core\Interface\Interfaces\IVModelRender.h">
      <Filter>Header Files</Filter>
    </ClInclude>
    <ClInclude Include="Core\Interface\Classes\CClientState.h">
      <Filter>Header Files</Filter>
    </ClInclude>
    <ClInclude Include="Core\Interface\Classes\CKeyValuesSystem.h">
      <Filter>Header Files</Filter>
    </ClInclude>
    <ClInclude Include="Core\Interface\Classes\CInput.h">
      <Filter>Header Files</Filter>
    </ClInclude>
    <ClInclude Include="Core\Interface\Classes\CClientModeShared.h">
      <Filter>Header Files</Filter>
    </ClInclude>
    <ClInclude Include="Core\Interface\Classes\CGlobalVarsBase.h">
      <Filter>Header Files</Filter>
    </ClInclude>
    <ClInclude Include="Dependecies\ImGui\imconfig.h">
      <Filter>Header Files</Filter>
    </ClInclude>
    <ClInclude Include="Dependecies\ImGui\imgui.h">
      <Filter>Header Files</Filter>
    </ClInclude>
    <ClInclude Include="Dependecies\ImGui\imgui_impl_dx9.h">
      <Filter>Header Files</Filter>
    </ClInclude>
    <ClInclude Include="Dependecies\ImGui\imgui_impl_win32.h">
      <Filter>Header Files</Filter>
    </ClInclude>
    <ClInclude Include="Dependecies\ImGui\imgui_internal.h">
      <Filter>Header Files</Filter>
    </ClInclude>
    <ClInclude Include="Dependecies\ImGui\imstb_rectpack.h">
      <Filter>Header Files</Filter>
    </ClInclude>
    <ClInclude Include="Dependecies\ImGui\imstb_textedit.h">
      <Filter>Header Files</Filter>
    </ClInclude>
    <ClInclude Include="Dependecies\ImGui\imstb_truetype.h">
      <Filter>Header Files</Filter>
    </ClInclude>
    <ClInclude Include="Dependecies\Minhook\hde\hde32.h">
      <Filter>Header Files</Filter>
    </ClInclude>
    <ClInclude Include="Dependecies\Minhook\hde\hde64.h">
      <Filter>Header Files</Filter>
    </ClInclude>
    <ClInclude Include="Dependecies\Minhook\hde\pstdint.h">
      <Filter>Header Files</Filter>
    </ClInclude>
    <ClInclude Include="Dependecies\Minhook\hde\table32.h">
      <Filter>Header Files</Filter>
    </ClInclude>
    <ClInclude Include="Dependecies\Minhook\hde\table64.h">
      <Filter>Header Files</Filter>
    </ClInclude>
    <ClInclude Include="Dependecies\Minhook\buffer.h">
      <Filter>Header Files</Filter>
    </ClInclude>
    <ClInclude Include="Dependecies\Minhook\detour.hpp">
      <Filter>Header Files</Filter>
    </ClInclude>
    <ClInclude Include="Dependecies\Minhook\minhook.h">
      <Filter>Header Files</Filter>
    </ClInclude>
    <ClInclude Include="Dependecies\Minhook\trampoline.h">
      <Filter>Header Files</Filter>
    </ClInclude>
    <ClInclude Include="Core\SDK\CUserCmd.h">
      <Filter>Header Files</Filter>
    </ClInclude>
    <ClInclude Include="Core\SDK\CRC32.h">
      <Filter>Header Files</Filter>
    </ClInclude>
    <ClInclude Include="Core\SDK\DataTyes\Vector.h">
      <Filter>Header Files</Filter>
    </ClInclude>
    <ClInclude Include="Core\SDK\DataTyes\Matrix.h">
      <Filter>Header Files</Filter>
    </ClInclude>
    <ClInclude Include="Core\SDK\DataTyes\UtlVector.h">
      <Filter>Header Files</Filter>
    </ClInclude>
    <ClInclude Include="Core\SDK\DataTyes\UtlMemory.h">
      <Filter>Header Files</Filter>
    </ClInclude>
    <ClInclude Include="Core\SDK\Entity.h">
      <Filter>Header Files</Filter>
    </ClInclude>
    <ClInclude Include="Core\Interface\Classes\CModelInfo.h">
      <Filter>Header Files</Filter>
    </ClInclude>
    <ClInclude Include="Core\Interface\Interfaces\IEngineTrace.h">
      <Filter>Header Files</Filter>
    </ClInclude>
    <ClInclude Include="Core\SDK\NetVar\datatable.h">
      <Filter>Header Files</Filter>
    </ClInclude>
    <ClInclude Include="Core\SDK\NetVar\Netvar.h">
      <Filter>Header Files</Filter>
    </ClInclude>
    <ClInclude Include="Core\SDK\NetVar\fnv.h">
      <Filter>Header Files</Filter>
    </ClInclude>
    <ClInclude Include="Core\SDK\Animstate.h">
      <Filter>Header Files</Filter>
    </ClInclude>
    <ClInclude Include="Core\globals.h">
      <Filter>Header Files</Filter>
    </ClInclude>
    <ClInclude Include="Core\Features\Misc\misc.h">
      <Filter>Header Files</Filter>
    </ClInclude>
    <ClInclude Include="Core\hungarians.h">
      <Filter>Header Files</Filter>
    </ClInclude>
    <ClInclude Include="Core\SDK\Enums.h">
      <Filter>Header Files</Filter>
    </ClInclude>
    <ClInclude Include="Core\Features\Visuals\ESP.h">
      <Filter>Header Files</Filter>
    </ClInclude>
    <ClInclude Include="Core\SDK\DataTyes\Color.h">
      <Filter>Header Files</Filter>
    </ClInclude>
    <ClInclude Include="Core\Interface\Interfaces\IVDebugOverlay.h">
      <Filter>Header Files</Filter>
    </ClInclude>
    <ClInclude Include="Core\Interface\Interfaces\IClientMode.h">
      <Filter>Header Files</Filter>
    </ClInclude>
    <ClInclude Include="Core\SDK\math.h">
      <Filter>Header Files</Filter>
    </ClInclude>
    <ClInclude Include="Core\Features\Misc\enginepred.h">
      <Filter>Header Files</Filter>
    </ClInclude>
    <ClInclude Include="Core\SDK\Menu\gui.h">
      <Filter>Header Files</Filter>
    </ClInclude>
    <ClInclude Include="Core\SDK\Menu\config.h">
      <Filter>Header Files</Filter>
    </ClInclude>
    <ClInclude Include="Core\Interface\Classes\CStudio.h">
      <Filter>Header Files</Filter>
    </ClInclude>
    <ClInclude Include="Core\Features\Visuals\chams.h">
      <Filter>Header Files</Filter>
    </ClInclude>
    <ClInclude Include="Core\Interface\Interfaces\IMaterialSystem.h">
      <Filter>Header Files</Filter>
    </ClInclude>
    <ClInclude Include="Core\Interface\Interfaces\IMaterial.h">
      <Filter>Header Files</Filter>
    </ClInclude>
    <ClInclude Include="Core\Interface\Classes\CTexture.h">
      <Filter>Header Files</Filter>
    </ClInclude>
    <ClInclude Include="Core\Interface\Classes\CKeyValues.h">
      <Filter>Header Files</Filter>
    </ClInclude>
    <ClInclude Include="Core\Interface\Interfaces\IMatRenderContext.h">
      <Filter>Header Files</Filter>
    </ClInclude>
    <ClInclude Include="Core\Interface\Classes\CConvar.h">
      <Filter>Header Files</Filter>
    </ClInclude>
    <ClInclude Include="Core\Features\Rage\antiaim.h">
      <Filter>Header Files</Filter>
    </ClInclude>
    <ClInclude Include="Core\Features\Rage\Animations\LocalAnimation.h">
      <Filter>Header Files</Filter>
    </ClInclude>
    <ClInclude Include="Core\Interface\Interfaces\IWeaponSystem.h">
      <Filter>Header Files</Filter>
    </ClInclude>
    <ClInclude Include="Core\Features\Rage\autowall.h">
      <Filter>Header Files</Filter>
    </ClInclude>
    <ClInclude Include="Core\Interface\Interfaces\ISurfaceData.h">
      <Filter>Header Files</Filter>
    </ClInclude>
    <ClInclude Include="Core\Interface\Interfaces\IGameEventManager.h">
      <Filter>Header Files</Filter>
    </ClInclude>
    <ClInclude Include="Core\Features\Rage\doubletap.h">
      <Filter>Header Files</Filter>
    </ClInclude>
    <ClInclude Include="Core\SDK\Menu\customGui.h">
      <Filter>Header Files</Filter>
    </ClInclude>
    <ClInclude Include="Core\SDK\datamap.h">
      <Filter>Header Files</Filter>
    </ClInclude>
    <ClInclude Include="Core\Interface\Interfaces\entityListener.h">
      <Filter>Header Files</Filter>
    </ClInclude>
    <ClInclude Include="Core\Features\Networking\networking.h">
      <Filter>Header Files</Filter>
    </ClInclude>
    <ClInclude Include="Core\Features\Rage\ragebot.h">
      <Filter>Header Files</Filter>
    </ClInclude>
    <ClInclude Include="Core\Features\Rage\Animations\Lagcompensation.h">
<<<<<<< Updated upstream
=======
      <Filter>Header Files</Filter>
    </ClInclude>
    <ClInclude Include="Core\Features\Rage\Animations\EnemyAnimations.h">
>>>>>>> Stashed changes
      <Filter>Header Files</Filter>
    </ClInclude>
  </ItemGroup>
</Project>